
Microsoft Visual Studio Solution File, Format Version 12.00
# Visual Studio Version 17
VisualStudioVersion = 17.1.32328.378
MinimumVisualStudioVersion = 10.0.40219.1
Project("{8BC9CEB8-8B4A-11D0-8D11-00A0C91BC942}") = "Chapter_9", "Chapter_9\Chapter_9.vcxproj", "{B97B32CB-0D21-4912-886F-B5B799FCE9E6}"
EndProject
Project("{8BC9CEB8-8B4A-11D0-8D11-00A0C91BC942}") = "Indirection operator", "Indirection operator\Indirection operator.vcxproj", "{34CBBB46-C85E-488D-9FEA-185C7BE836BF}"
EndProject
Project("{8BC9CEB8-8B4A-11D0-8D11-00A0C91BC942}") = "AccessingArrayUsingPointer", "AccessingArrayUsingPointer\AccessingArrayUsingPointer.vcxproj", "{BB2C0E3A-139E-4F6B-B1A4-2D72C3F26B6C}"
EndProject
Project("{8BC9CEB8-8B4A-11D0-8D11-00A0C91BC942}") = "UsingAddressofArray", "UsingAddressofArray\UsingAddressofArray.vcxproj", "{59EE9F86-4FD0-42AE-9FDA-9816B7DC76DE}"
EndProject
Project("{8BC9CEB8-8B4A-11D0-8D11-00A0C91BC942}") = "Functions_With_Pointers", "Functions_With_Pointers\Functions_With_Pointers.vcxproj", "{46FEE00F-3648-4369-AD79-FCCE253D74C0}"
EndProject
Project("{8BC9CEB8-8B4A-11D0-8D11-00A0C91BC942}") = "DynamicMemoryAllocation", "ForFun\ForFun.vcxproj", "{4DC62F8B-C137-444E-AF43-9AAE2F89A062}"
EndProject
Project("{8BC9CEB8-8B4A-11D0-8D11-00A0C91BC942}") = "Unique_ptr", "Unique_ptr\Unique_ptr.vcxproj", "{B91EA7CE-07A3-4346-B104-DAAFC6D8F0BE}"
EndProject
Project("{8BC9CEB8-8B4A-11D0-8D11-00A0C91BC942}") = "Unique_Ptr_with_Array", "Unique_Ptr_with_Array\Unique_Ptr_with_Array.vcxproj", "{9F39D7B4-EB94-4716-BAE7-9170F186CF17}"
EndProject
Project("{8BC9CEB8-8B4A-11D0-8D11-00A0C91BC942}") = "unique_ptr_with_functions", "unique_ptr_with_functions\unique_ptr_with_functions.vcxproj", "{ACC76353-6A11-4755-955E-2EFF5C5B336B}"
EndProject
Project("{8BC9CEB8-8B4A-11D0-8D11-00A0C91BC942}") = "Array_Allocator", "Array_Allocator\Array_Allocator.vcxproj", "{D844FE33-E926-4DF9-9A38-2C9DFFFBF17A}"
EndProject
Project("{8BC9CEB8-8B4A-11D0-8D11-00A0C91BC942}") = "Pointer_Rewrite", "Pointer_Rewrite\Pointer_Rewrite.vcxproj", "{9A553C90-E0CE-41A6-9A6B-1B41BEBE2451}"
EndProject
Global
	GlobalSection(SolutionConfigurationPlatforms) = preSolution
		Debug|x64 = Debug|x64
		Debug|x86 = Debug|x86
		Release|x64 = Release|x64
		Release|x86 = Release|x86
	EndGlobalSection
	GlobalSection(ProjectConfigurationPlatforms) = postSolution
		{B97B32CB-0D21-4912-886F-B5B799FCE9E6}.Debug|x64.ActiveCfg = Debug|x64
		{B97B32CB-0D21-4912-886F-B5B799FCE9E6}.Debug|x64.Build.0 = Debug|x64
		{B97B32CB-0D21-4912-886F-B5B799FCE9E6}.Debug|x86.ActiveCfg = Debug|Win32
		{B97B32CB-0D21-4912-886F-B5B799FCE9E6}.Debug|x86.Build.0 = Debug|Win32
		{B97B32CB-0D21-4912-886F-B5B799FCE9E6}.Release|x64.ActiveCfg = Release|x64
		{B97B32CB-0D21-4912-886F-B5B799FCE9E6}.Release|x64.Build.0 = Release|x64
		{B97B32CB-0D21-4912-886F-B5B799FCE9E6}.Release|x86.ActiveCfg = Release|Win32
		{B97B32CB-0D21-4912-886F-B5B799FCE9E6}.Release|x86.Build.0 = Release|Win32
		{34CBBB46-C85E-488D-9FEA-185C7BE836BF}.Debug|x64.ActiveCfg = Debug|x64
		{34CBBB46-C85E-488D-9FEA-185C7BE836BF}.Debug|x64.Build.0 = Debug|x64
		{34CBBB46-C85E-488D-9FEA-185C7BE836BF}.Debug|x86.ActiveCfg = Debug|Win32
		{34CBBB46-C85E-488D-9FEA-185C7BE836BF}.Debug|x86.Build.0 = Debug|Win32
		{34CBBB46-C85E-488D-9FEA-185C7BE836BF}.Release|x64.ActiveCfg = Release|x64
		{34CBBB46-C85E-488D-9FEA-185C7BE836BF}.Release|x64.Build.0 = Release|x64
		{34CBBB46-C85E-488D-9FEA-185C7BE836BF}.Release|x86.ActiveCfg = Release|Win32
		{34CBBB46-C85E-488D-9FEA-185C7BE836BF}.Release|x86.Build.0 = Release|Win32
		{BB2C0E3A-139E-4F6B-B1A4-2D72C3F26B6C}.Debug|x64.ActiveCfg = Debug|x64
		{BB2C0E3A-139E-4F6B-B1A4-2D72C3F26B6C}.Debug|x64.Build.0 = Debug|x64
		{BB2C0E3A-139E-4F6B-B1A4-2D72C3F26B6C}.Debug|x86.ActiveCfg = Debug|Win32
		{BB2C0E3A-139E-4F6B-B1A4-2D72C3F26B6C}.Debug|x86.Build.0 = Debug|Win32
		{BB2C0E3A-139E-4F6B-B1A4-2D72C3F26B6C}.Release|x64.ActiveCfg = Release|x64
		{BB2C0E3A-139E-4F6B-B1A4-2D72C3F26B6C}.Release|x64.Build.0 = Release|x64
		{BB2C0E3A-139E-4F6B-B1A4-2D72C3F26B6C}.Release|x86.ActiveCfg = Release|Win32
		{BB2C0E3A-139E-4F6B-B1A4-2D72C3F26B6C}.Release|x86.Build.0 = Release|Win32
		{59EE9F86-4FD0-42AE-9FDA-9816B7DC76DE}.Debug|x64.ActiveCfg = Debug|x64
		{59EE9F86-4FD0-42AE-9FDA-9816B7DC76DE}.Debug|x64.Build.0 = Debug|x64
		{59EE9F86-4FD0-42AE-9FDA-9816B7DC76DE}.Debug|x86.ActiveCfg = Debug|Win32
		{59EE9F86-4FD0-42AE-9FDA-9816B7DC76DE}.Debug|x86.Build.0 = Debug|Win32
		{59EE9F86-4FD0-42AE-9FDA-9816B7DC76DE}.Release|x64.ActiveCfg = Release|x64
		{59EE9F86-4FD0-42AE-9FDA-9816B7DC76DE}.Release|x64.Build.0 = Release|x64
		{59EE9F86-4FD0-42AE-9FDA-9816B7DC76DE}.Release|x86.ActiveCfg = Release|Win32
		{59EE9F86-4FD0-42AE-9FDA-9816B7DC76DE}.Release|x86.Build.0 = Release|Win32
		{46FEE00F-3648-4369-AD79-FCCE253D74C0}.Debug|x64.ActiveCfg = Debug|x64
		{46FEE00F-3648-4369-AD79-FCCE253D74C0}.Debug|x64.Build.0 = Debug|x64
		{46FEE00F-3648-4369-AD79-FCCE253D74C0}.Debug|x86.ActiveCfg = Debug|Win32
		{46FEE00F-3648-4369-AD79-FCCE253D74C0}.Debug|x86.Build.0 = Debug|Win32
		{46FEE00F-3648-4369-AD79-FCCE253D74C0}.Release|x64.ActiveCfg = Release|x64
		{46FEE00F-3648-4369-AD79-FCCE253D74C0}.Release|x64.Build.0 = Release|x64
		{46FEE00F-3648-4369-AD79-FCCE253D74C0}.Release|x86.ActiveCfg = Release|Win32
		{46FEE00F-3648-4369-AD79-FCCE253D74C0}.Release|x86.Build.0 = Release|Win32
		{4DC62F8B-C137-444E-AF43-9AAE2F89A062}.Debug|x64.ActiveCfg = Debug|x64
		{4DC62F8B-C137-444E-AF43-9AAE2F89A062}.Debug|x64.Build.0 = Debug|x64
		{4DC62F8B-C137-444E-AF43-9AAE2F89A062}.Debug|x86.ActiveCfg = Debug|Win32
		{4DC62F8B-C137-444E-AF43-9AAE2F89A062}.Debug|x86.Build.0 = Debug|Win32
		{4DC62F8B-C137-444E-AF43-9AAE2F89A062}.Release|x64.ActiveCfg = Release|x64
		{4DC62F8B-C137-444E-AF43-9AAE2F89A062}.Release|x64.Build.0 = Release|x64
		{4DC62F8B-C137-444E-AF43-9AAE2F89A062}.Release|x86.ActiveCfg = Release|Win32
		{4DC62F8B-C137-444E-AF43-9AAE2F89A062}.Release|x86.Build.0 = Release|Win32
		{B91EA7CE-07A3-4346-B104-DAAFC6D8F0BE}.Debug|x64.ActiveCfg = Debug|x64
		{B91EA7CE-07A3-4346-B104-DAAFC6D8F0BE}.Debug|x64.Build.0 = Debug|x64
		{B91EA7CE-07A3-4346-B104-DAAFC6D8F0BE}.Debug|x86.ActiveCfg = Debug|Win32
		{B91EA7CE-07A3-4346-B104-DAAFC6D8F0BE}.Debug|x86.Build.0 = Debug|Win32
		{B91EA7CE-07A3-4346-B104-DAAFC6D8F0BE}.Release|x64.ActiveCfg = Release|x64
		{B91EA7CE-07A3-4346-B104-DAAFC6D8F0BE}.Release|x64.Build.0 = Release|x64
		{B91EA7CE-07A3-4346-B104-DAAFC6D8F0BE}.Release|x86.ActiveCfg = Release|Win32
		{B91EA7CE-07A3-4346-B104-DAAFC6D8F0BE}.Release|x86.Build.0 = Release|Win32
		{9F39D7B4-EB94-4716-BAE7-9170F186CF17}.Debug|x64.ActiveCfg = Debug|x64
		{9F39D7B4-EB94-4716-BAE7-9170F186CF17}.Debug|x64.Build.0 = Debug|x64
		{9F39D7B4-EB94-4716-BAE7-9170F186CF17}.Debug|x86.ActiveCfg = Debug|Win32
		{9F39D7B4-EB94-4716-BAE7-9170F186CF17}.Debug|x86.Build.0 = Debug|Win32
		{9F39D7B4-EB94-4716-BAE7-9170F186CF17}.Release|x64.ActiveCfg = Release|x64
		{9F39D7B4-EB94-4716-BAE7-9170F186CF17}.Release|x64.Build.0 = Release|x64
		{9F39D7B4-EB94-4716-BAE7-9170F186CF17}.Release|x86.ActiveCfg = Release|Win32
		{9F39D7B4-EB94-4716-BAE7-9170F186CF17}.Release|x86.Build.0 = Release|Win32
		{ACC76353-6A11-4755-955E-2EFF5C5B336B}.Debug|x64.ActiveCfg = Debug|x64
		{ACC76353-6A11-4755-955E-2EFF5C5B336B}.Debug|x64.Build.0 = Debug|x64
		{ACC76353-6A11-4755-955E-2EFF5C5B336B}.Debug|x86.ActiveCfg = Debug|Win32
		{ACC76353-6A11-4755-955E-2EFF5C5B336B}.Debug|x86.Build.0 = Debug|Win32
		{ACC76353-6A11-4755-955E-2EFF5C5B336B}.Release|x64.ActiveCfg = Release|x64
		{ACC76353-6A11-4755-955E-2EFF5C5B336B}.Release|x64.Build.0 = Release|x64
		{ACC76353-6A11-4755-955E-2EFF5C5B336B}.Release|x86.ActiveCfg = Release|Win32
		{ACC76353-6A11-4755-955E-2EFF5C5B336B}.Release|x86.Build.0 = Release|Win32
		{D844FE33-E926-4DF9-9A38-2C9DFFFBF17A}.Debug|x64.ActiveCfg = Debug|x64
		{D844FE33-E926-4DF9-9A38-2C9DFFFBF17A}.Debug|x64.Build.0 = Debug|x64
		{D844FE33-E926-4DF9-9A38-2C9DFFFBF17A}.Debug|x86.ActiveCfg = Debug|Win32
		{D844FE33-E926-4DF9-9A38-2C9DFFFBF17A}.Debug|x86.Build.0 = Debug|Win32
		{D844FE33-E926-4DF9-9A38-2C9DFFFBF17A}.Release|x64.ActiveCfg = Release|x64
		{D844FE33-E926-4DF9-9A38-2C9DFFFBF17A}.Release|x64.Build.0 = Release|x64
		{D844FE33-E926-4DF9-9A38-2C9DFFFBF17A}.Release|x86.ActiveCfg = Release|Win32
		{D844FE33-E926-4DF9-9A38-2C9DFFFBF17A}.Release|x86.Build.0 = Release|Win32
		{9A553C90-E0CE-41A6-9A6B-1B41BEBE2451}.Debug|x64.ActiveCfg = Debug|x64
		{9A553C90-E0CE-41A6-9A6B-1B41BEBE2451}.Debug|x64.Build.0 = Debug|x64
		{9A553C90-E0CE-41A6-9A6B-1B41BEBE2451}.Debug|x86.ActiveCfg = Debug|Win32
		{9A553C90-E0CE-41A6-9A6B-1B41BEBE2451}.Debug|x86.Build.0 = Debug|Win32
		{9A553C90-E0CE-41A6-9A6B-1B41BEBE2451}.Release|x64.ActiveCfg = Release|x64
		{9A553C90-E0CE-41A6-9A6B-1B41BEBE2451}.Release|x64.Build.0 = Release|x64
		{9A553C90-E0CE-41A6-9A6B-1B41BEBE2451}.Release|x86.ActiveCfg = Release|Win32
		{9A553C90-E0CE-41A6-9A6B-1B41BEBE2451}.Release|x86.Build.0 = Release|Win32
	EndGlobalSection
	GlobalSection(SolutionProperties) = preSolution
		HideSolutionNode = FALSE
	EndGlobalSection
	GlobalSection(ExtensibilityGlobals) = postSolution
		SolutionGuid = {CD854788-7580-443C-ADEF-FDDBFB5D0FE3}
	EndGlobalSection
EndGlobal
